
Microsoft Visual Studio Solution File, Format Version 12.00
# Visual Studio Version 17
VisualStudioVersion = 17.10.34928.147
MinimumVisualStudioVersion = 10.0.40219.1
Project("{FAE04EC0-301F-11D3-BF4B-00C04F79EFBC}") = "CarDropDownMenu", "CarDropDownMenu\CarDropDownMenu.csproj", "{C22B5620-EABF-4BC7-927D-6639069A806B}"
EndProject
Global
	GlobalSection(SolutionConfigurationPlatforms) = preSolution
		Debug|Any CPU = Debug|Any CPU
		Release|Any CPU = Release|Any CPU
	EndGlobalSection
	GlobalSection(ProjectConfigurationPlatforms) = postSolution
		{C22B5620-EABF-4BC7-927D-6639069A806B}.Debug|Any CPU.ActiveCfg = Debug|Any CPU
		{C22B5620-EABF-4BC7-927D-6639069A806B}.Debug|Any CPU.Build.0 = Debug|Any CPU
		{C22B5620-EABF-4BC7-927D-6639069A806B}.Release|Any CPU.ActiveCfg = Release|Any CPU
		{C22B5620-EABF-4BC7-927D-6639069A806B}.Release|Any CPU.Build.0 = Release|Any CPU
	EndGlobalSection
	GlobalSection(SolutionProperties) = preSolution
		HideSolutionNode = FALSE
	EndGlobalSection
	GlobalSection(ExtensibilityGlobals) = postSolution
		SolutionGuid = {90C16CE7-4282-4C64-8EBB-8226C6E37237}
	EndGlobalSection
EndGlobal
